
Microsoft Visual Studio Solution File, Format Version 12.00
# Visual Studio Version 16
VisualStudioVersion = 16.0.30011.22
MinimumVisualStudioVersion = 10.0.40219.1
Project("{9A19103F-16F7-4668-BE54-9A1E7A4F7556}") = "EssentialTraining", "EssentialTraining\EssentialTraining.csproj", "{E1B5F1F4-CF68-4346-86B9-E17195533EA8}"
EndProject
Project("{FAE04EC0-301F-11D3-BF4B-00C04F79EFBC}") = "EssentialTrainingTest", "EssentialTrainingTest\EssentialTrainingTest.csproj", "{8B0461B3-5145-455A-81A5-17F6793E008C}"
EndProject
Project("{FAE04EC0-301F-11D3-BF4B-00C04F79EFBC}") = "EssentialTrainingApp", "EssentialTrainingApp\EssentialTrainingApp.csproj", "{9B18782B-DCA7-46CE-AE7A-56C1C459627D}"
EndProject
Global
	GlobalSection(SolutionConfigurationPlatforms) = preSolution
		Debug|Any CPU = Debug|Any CPU
		Release|Any CPU = Release|Any CPU
	EndGlobalSection
	GlobalSection(ProjectConfigurationPlatforms) = postSolution
		{E1B5F1F4-CF68-4346-86B9-E17195533EA8}.Debug|Any CPU.ActiveCfg = Debug|Any CPU
		{E1B5F1F4-CF68-4346-86B9-E17195533EA8}.Debug|Any CPU.Build.0 = Debug|Any CPU
		{E1B5F1F4-CF68-4346-86B9-E17195533EA8}.Release|Any CPU.ActiveCfg = Release|Any CPU
		{E1B5F1F4-CF68-4346-86B9-E17195533EA8}.Release|Any CPU.Build.0 = Release|Any CPU
		{8B0461B3-5145-455A-81A5-17F6793E008C}.Debug|Any CPU.ActiveCfg = Debug|Any CPU
		{8B0461B3-5145-455A-81A5-17F6793E008C}.Debug|Any CPU.Build.0 = Debug|Any CPU
		{8B0461B3-5145-455A-81A5-17F6793E008C}.Release|Any CPU.ActiveCfg = Release|Any CPU
		{8B0461B3-5145-455A-81A5-17F6793E008C}.Release|Any CPU.Build.0 = Release|Any CPU
		{9B18782B-DCA7-46CE-AE7A-56C1C459627D}.Debug|Any CPU.ActiveCfg = Debug|Any CPU
		{9B18782B-DCA7-46CE-AE7A-56C1C459627D}.Debug|Any CPU.Build.0 = Debug|Any CPU
		{9B18782B-DCA7-46CE-AE7A-56C1C459627D}.Release|Any CPU.ActiveCfg = Release|Any CPU
		{9B18782B-DCA7-46CE-AE7A-56C1C459627D}.Release|Any CPU.Build.0 = Release|Any CPU
	EndGlobalSection
	GlobalSection(SolutionProperties) = preSolution
		HideSolutionNode = FALSE
	EndGlobalSection
	GlobalSection(ExtensibilityGlobals) = postSolution
		SolutionGuid = {2824DF53-5E3C-498C-B45A-08DC82640771}
	EndGlobalSection
EndGlobal
